
Microsoft Visual Studio Solution File, Format Version 12.00
# Visual Studio Version 16
VisualStudioVersion = 16.0.30907.101
MinimumVisualStudioVersion = 10.0.40219.1
Project("{FAE04EC0-301F-11D3-BF4B-00C04F79EFBC}") = "NRainhas", "NRainhas\NRainhas.csproj", "{7D09F995-2C1D-460D-8944-5466539481BF}"
EndProject
Global
	GlobalSection(SolutionConfigurationPlatforms) = preSolution
		Debug|Any CPU = Debug|Any CPU
		Release|Any CPU = Release|Any CPU
	EndGlobalSection
	GlobalSection(ProjectConfigurationPlatforms) = postSolution
		{7D09F995-2C1D-460D-8944-5466539481BF}.Debug|Any CPU.ActiveCfg = Debug|Any CPU
		{7D09F995-2C1D-460D-8944-5466539481BF}.Debug|Any CPU.Build.0 = Debug|Any CPU
		{7D09F995-2C1D-460D-8944-5466539481BF}.Release|Any CPU.ActiveCfg = Release|Any CPU
		{7D09F995-2C1D-460D-8944-5466539481BF}.Release|Any CPU.Build.0 = Release|Any CPU
	EndGlobalSection
	GlobalSection(SolutionProperties) = preSolution
		HideSolutionNode = FALSE
	EndGlobalSection
	GlobalSection(ExtensibilityGlobals) = postSolution
		SolutionGuid = {46B4BA4F-4188-4A23-8EAF-2FE0633247CE}
	EndGlobalSection
EndGlobal
